
Microsoft Visual Studio Solution File, Format Version 12.00
# Visual Studio Version 17
VisualStudioVersion = 17.7.34024.191
MinimumVisualStudioVersion = 10.0.40219.1
Project("{FAE04EC0-301F-11D3-BF4B-00C04F79EFBC}") = "17. Classes and Objects", "17. Classes and Objects.csproj", "{56DC0354-C670-435E-B2CB-0981B27AA182}"
EndProject
Global
	GlobalSection(SolutionConfigurationPlatforms) = preSolution
		Debug|Any CPU = Debug|Any CPU
		Release|Any CPU = Release|Any CPU
	EndGlobalSection
	GlobalSection(ProjectConfigurationPlatforms) = postSolution
		{56DC0354-C670-435E-B2CB-0981B27AA182}.Debug|Any CPU.ActiveCfg = Debug|Any CPU
		{56DC0354-C670-435E-B2CB-0981B27AA182}.Debug|Any CPU.Build.0 = Debug|Any CPU
		{56DC0354-C670-435E-B2CB-0981B27AA182}.Release|Any CPU.ActiveCfg = Release|Any CPU
		{56DC0354-C670-435E-B2CB-0981B27AA182}.Release|Any CPU.Build.0 = Release|Any CPU
	EndGlobalSection
	GlobalSection(SolutionProperties) = preSolution
		HideSolutionNode = FALSE
	EndGlobalSection
	GlobalSection(ExtensibilityGlobals) = postSolution
		SolutionGuid = {1496DB7A-9E1D-4F4C-BA56-44B86B8114A4}
	EndGlobalSection
EndGlobal
